
Microsoft Visual Studio Solution File, Format Version 12.00
# Visual Studio Version 17
VisualStudioVersion = 17.0.31903.59
MinimumVisualStudioVersion = 10.0.40219.1
Project("{2150E333-8FDC-42A3-9474-1A3956D46DE8}") = "src", "src", "{02EA681E-C7D8-13C7-8484-4AC65E1B71E8}"
EndProject
Project("{2150E333-8FDC-42A3-9474-1A3956D46DE8}") = "backend", "backend", "{F97962AC-8F85-4990-B9B6-3DDFAB804BFC}"
EndProject
Project("{FAE04EC0-301F-11D3-BF4B-00C04F79EFBC}") = "TestApp.Domain", "src\backend\TestApp.Domain\TestApp.Domain.csproj", "{5F6A8C20-FE4D-48FA-8EC8-AD5E631E4C92}"
EndProject
Project("{FAE04EC0-301F-11D3-BF4B-00C04F79EFBC}") = "TestApp.Application", "src\backend\TestApp.Application\TestApp.Application.csproj", "{87727BC9-7CE9-4D9A-A8A1-0B015EB5C3CB}"
EndProject
Project("{FAE04EC0-301F-11D3-BF4B-00C04F79EFBC}") = "TestApp.Infrastructure", "src\backend\TestApp.Infrastructure\TestApp.Infrastructure.csproj", "{0EE40910-382D-4C51-9BF0-5E6303E51C46}"
EndProject
Project("{FAE04EC0-301F-11D3-BF4B-00C04F79EFBC}") = "TestApp.WebApi", "src\backend\TestApp.WebApi\TestApp.WebApi.csproj", "{34F3140E-44B7-4748-8A1B-D0F86266A44F}"
EndProject
Global
	GlobalSection(SolutionConfigurationPlatforms) = preSolution
		Debug|Any CPU = Debug|Any CPU
		Release|Any CPU = Release|Any CPU
	EndGlobalSection
	GlobalSection(ProjectConfigurationPlatforms) = postSolution
		{5F6A8C20-FE4D-48FA-8EC8-AD5E631E4C92}.Debug|Any CPU.ActiveCfg = Debug|Any CPU
		{5F6A8C20-FE4D-48FA-8EC8-AD5E631E4C92}.Debug|Any CPU.Build.0 = Debug|Any CPU
		{5F6A8C20-FE4D-48FA-8EC8-AD5E631E4C92}.Release|Any CPU.ActiveCfg = Release|Any CPU
		{5F6A8C20-FE4D-48FA-8EC8-AD5E631E4C92}.Release|Any CPU.Build.0 = Release|Any CPU
		{87727BC9-7CE9-4D9A-A8A1-0B015EB5C3CB}.Debug|Any CPU.ActiveCfg = Debug|Any CPU
		{87727BC9-7CE9-4D9A-A8A1-0B015EB5C3CB}.Debug|Any CPU.Build.0 = Debug|Any CPU
		{87727BC9-7CE9-4D9A-A8A1-0B015EB5C3CB}.Release|Any CPU.ActiveCfg = Release|Any CPU
		{87727BC9-7CE9-4D9A-A8A1-0B015EB5C3CB}.Release|Any CPU.Build.0 = Release|Any CPU
		{0EE40910-382D-4C51-9BF0-5E6303E51C46}.Debug|Any CPU.ActiveCfg = Debug|Any CPU
		{0EE40910-382D-4C51-9BF0-5E6303E51C46}.Debug|Any CPU.Build.0 = Debug|Any CPU
		{0EE40910-382D-4C51-9BF0-5E6303E51C46}.Release|Any CPU.ActiveCfg = Release|Any CPU
		{0EE40910-382D-4C51-9BF0-5E6303E51C46}.Release|Any CPU.Build.0 = Release|Any CPU
		{34F3140E-44B7-4748-8A1B-D0F86266A44F}.Debug|Any CPU.ActiveCfg = Debug|Any CPU
		{34F3140E-44B7-4748-8A1B-D0F86266A44F}.Debug|Any CPU.Build.0 = Debug|Any CPU
		{34F3140E-44B7-4748-8A1B-D0F86266A44F}.Release|Any CPU.ActiveCfg = Release|Any CPU
		{34F3140E-44B7-4748-8A1B-D0F86266A44F}.Release|Any CPU.Build.0 = Release|Any CPU
	EndGlobalSection
	GlobalSection(SolutionProperties) = preSolution
		HideSolutionNode = FALSE
	EndGlobalSection
	GlobalSection(NestedProjects) = preSolution
		{F97962AC-8F85-4990-B9B6-3DDFAB804BFC} = {02EA681E-C7D8-13C7-8484-4AC65E1B71E8}
		{5F6A8C20-FE4D-48FA-8EC8-AD5E631E4C92} = {F97962AC-8F85-4990-B9B6-3DDFAB804BFC}
		{87727BC9-7CE9-4D9A-A8A1-0B015EB5C3CB} = {F97962AC-8F85-4990-B9B6-3DDFAB804BFC}
		{0EE40910-382D-4C51-9BF0-5E6303E51C46} = {F97962AC-8F85-4990-B9B6-3DDFAB804BFC}
		{34F3140E-44B7-4748-8A1B-D0F86266A44F} = {F97962AC-8F85-4990-B9B6-3DDFAB804BFC}
	EndGlobalSection
	GlobalSection(ExtensibilityGlobals) = postSolution
		SolutionGuid = {FF47967C-0970-415C-A693-9D4B5CE71543}
	EndGlobalSection
EndGlobal
